schema: '2.0'
stages:
  data_collection:
    cmd: python src/data/data_collection.py
    deps:
    - path: src/data/data_collection.py
      hash: md5
      md5: a11708a444f3782fc2866697bcee8c7d
      size: 2603
    params:
      params.yaml:
        data_collection.test_size: 0.2
    outs:
    - path: data/raw
      hash: md5
      md5: c0c2d65c14a603e91e029fda3c344a5c.dir
      size: 522262
      nfiles: 2
  pre_preprocessing:
    cmd: python src/data/data_prep.py
    deps:
    - path: data/raw
      hash: md5
      md5: c0c2d65c14a603e91e029fda3c344a5c.dir
      size: 522262
      nfiles: 2
    - path: src/data/data_prep.py
      hash: md5
      md5: d174fce11dc933ab1c822599464fd9ea
      size: 2020
    outs:
    - path: data/processed
      hash: md5
      md5: 50cb8001cd56bb2743fd3102227ab870.dir
      size: 546137
      nfiles: 2
  model_building:
    cmd: python src/model/model_building.py
    deps:
    - path: data/processed
      hash: md5
      md5: 50cb8001cd56bb2743fd3102227ab870.dir
      size: 546137
      nfiles: 2
    - path: src/model/model_building.py
      hash: md5
      md5: 0271adbb239bb714035b41cdc69aa032
      size: 2451
    params:
      params.yaml:
        model_building.n_estimators: 100
    outs:
    - path: models/model.pkl
      hash: md5
      md5: f64123c6ed3e39a3576589f0c8bc8344
      size: 6628791
  model_eval:
    cmd: python src/model/model_eval.py
    deps:
    - path: models/model.pkl
      hash: md5
      md5: f64123c6ed3e39a3576589f0c8bc8344
      size: 6628791
    - path: src/model/model_eval.py
      hash: md5
      md5: eaada98b5036aad4f6a7e13f155240bf
      size: 2673
    outs:
    - path: reports/metrics.json
      hash: md5
      md5: 73d32753428ad694ae7b3f0c1bfcdec6
      size: 145
